
Microsoft Visual Studio Solution File, Format Version 12.00
# Visual Studio Version 17
VisualStudioVersion = 17.1.32210.238
MinimumVisualStudioVersion = 10.0.40219.1
Project("{FAE04EC0-301F-11D3-BF4B-00C04F79EFBC}") = "ERPProAPI", "ERPProAPI\ERPProAPI.csproj", "{DCCFC669-7B5D-446B-B459-DADC82666D8A}"
EndProject
Project("{FAE04EC0-301F-11D3-BF4B-00C04F79EFBC}") = "ERPPro.DataAccess", "ERPPro.DataAccess\ERPPro.DataAccess.csproj", "{C2483043-ED89-4A91-8B09-BC04B4E4EA5A}"
EndProject
Project("{FAE04EC0-301F-11D3-BF4B-00C04F79EFBC}") = "ERPPro.Base", "ERPPro.Base\ERPPro.Base.csproj", "{E7D481A5-5254-4F74-B087-7B085E4224F8}"
EndProject
Project("{FAE04EC0-301F-11D3-BF4B-00C04F79EFBC}") = "ERPPro.Domain", "ERPPro.Domain\ERPPro.Domain.csproj", "{FBA5C834-4872-4547-BC14-A6966E7F1793}"
EndProject
Global
	GlobalSection(SolutionConfigurationPlatforms) = preSolution
		Debug|Any CPU = Debug|Any CPU
		Release|Any CPU = Release|Any CPU
	EndGlobalSection
	GlobalSection(ProjectConfigurationPlatforms) = postSolution
		{DCCFC669-7B5D-446B-B459-DADC82666D8A}.Debug|Any CPU.ActiveCfg = Debug|Any CPU
		{DCCFC669-7B5D-446B-B459-DADC82666D8A}.Debug|Any CPU.Build.0 = Debug|Any CPU
		{DCCFC669-7B5D-446B-B459-DADC82666D8A}.Release|Any CPU.ActiveCfg = Release|Any CPU
		{DCCFC669-7B5D-446B-B459-DADC82666D8A}.Release|Any CPU.Build.0 = Release|Any CPU
		{C2483043-ED89-4A91-8B09-BC04B4E4EA5A}.Debug|Any CPU.ActiveCfg = Debug|Any CPU
		{C2483043-ED89-4A91-8B09-BC04B4E4EA5A}.Debug|Any CPU.Build.0 = Debug|Any CPU
		{C2483043-ED89-4A91-8B09-BC04B4E4EA5A}.Release|Any CPU.ActiveCfg = Release|Any CPU
		{C2483043-ED89-4A91-8B09-BC04B4E4EA5A}.Release|Any CPU.Build.0 = Release|Any CPU
		{E7D481A5-5254-4F74-B087-7B085E4224F8}.Debug|Any CPU.ActiveCfg = Debug|Any CPU
		{E7D481A5-5254-4F74-B087-7B085E4224F8}.Debug|Any CPU.Build.0 = Debug|Any CPU
		{E7D481A5-5254-4F74-B087-7B085E4224F8}.Release|Any CPU.ActiveCfg = Release|Any CPU
		{E7D481A5-5254-4F74-B087-7B085E4224F8}.Release|Any CPU.Build.0 = Release|Any CPU
		{FBA5C834-4872-4547-BC14-A6966E7F1793}.Debug|Any CPU.ActiveCfg = Debug|Any CPU
		{FBA5C834-4872-4547-BC14-A6966E7F1793}.Debug|Any CPU.Build.0 = Debug|Any CPU
		{FBA5C834-4872-4547-BC14-A6966E7F1793}.Release|Any CPU.ActiveCfg = Release|Any CPU
		{FBA5C834-4872-4547-BC14-A6966E7F1793}.Release|Any CPU.Build.0 = Release|Any CPU
	EndGlobalSection
	GlobalSection(SolutionProperties) = preSolution
		HideSolutionNode = FALSE
	EndGlobalSection
	GlobalSection(ExtensibilityGlobals) = postSolution
		SolutionGuid = {1C91D3C1-FA50-42AB-B291-5C8AFDFF015D}
	EndGlobalSection
EndGlobal
